// !$*UTF8*$!
{
	archiveVersion = 1;
	classes = {
	};
	objectVersion = 56;
	objects = {

/* Begin PBXBuildFile section */
		C63668272B4D708D0089B2EC /* Post.swift in Sources */ = {isa = PBXBuildFile; fileRef = C63668262B4D708D0089B2EC /* Post.swift */; };
		C636682A2B4D71280089B2EC /* PostViewModel.swift in Sources */ = {isa = PBXBuildFile; fileRef = C63668292B4D71280089B2EC /* PostViewModel.swift */; };
		C636682C2B4D71660089B2EC /* PostRow.swift in Sources */ = {isa = PBXBuildFile; fileRef = C636682B2B4D71660089B2EC /* PostRow.swift */; };
		C636682E2B4D71810089B2EC /* PostList.swift in Sources */ = {isa = PBXBuildFile; fileRef = C636682D2B4D71810089B2EC /* PostList.swift */; };
		C63668302B4D71B10089B2EC /* PostsRespository.swift in Sources */ = {isa = PBXBuildFile; fileRef = C636682F2B4D71B10089B2EC /* PostsRespository.swift */; };
		C65B04AE2B4C3B700059266E /* SocialcademyApp.swift in Sources */ = {isa = PBXBuildFile; fileRef = C65B04AD2B4C3B700059266E /* SocialcademyApp.swift */; };
		C65B04B02B4C3B700059266E /* NewPostForm.swift in Sources */ = {isa = PBXBuildFile; fileRef = C65B04AF2B4C3B700059266E /* NewPostForm.swift */; };
		C65B04B22B4C3B730059266E /* Assets.xcassets in Resources */ = {isa = PBXBuildFile; fileRef = C65B04B12B4C3B730059266E /* Assets.xcassets */; };
		C65B04B62B4C3B730059266E /* Preview Assets.xcassets in Resources */ = {isa = PBXBuildFile; fileRef = C65B04B52B4C3B730059266E /* Preview Assets.xcassets */; };
		C65B04C02B4C3B740059266E /* SocialcademyTests.swift in Sources */ = {isa = PBXBuildFile; fileRef = C65B04BF2B4C3B740059266E /* SocialcademyTests.swift */; };
		C65B04CA2B4C3B740059266E /* SocialcademyUITests.swift in Sources */ = {isa = PBXBuildFile; fileRef = C65B04C92B4C3B740059266E /* SocialcademyUITests.swift */; };
		C65B04CC2B4C3B740059266E /* SocialcademyUITestsLaunchTests.swift in Sources */ = {isa = PBXBuildFile; fileRef = C65B04CB2B4C3B740059266E /* SocialcademyUITestsLaunchTests.swift */; };
		C65B04DA2B4C3D600059266E /* FirebaseAnalytics in Frameworks */ = {isa = PBXBuildFile; productRef = C65B04D92B4C3D600059266E /* FirebaseAnalytics */; };
		C65B04DC2B4C3D600059266E /* FirebaseFirestore in Frameworks */ = {isa = PBXBuildFile; productRef = C65B04DB2B4C3D600059266E /* FirebaseFirestore */; };
		C65B04DE2B4C3D610059266E /* FirebaseFirestoreSwift in Frameworks */ = {isa = PBXBuildFile; productRef = C65B04DD2B4C3D610059266E /* FirebaseFirestoreSwift */; };
		C65B04E02B4C3F090059266E /* GoogleService-Info.plist in Resources */ = {isa = PBXBuildFile; fileRef = C65B04DF2B4C3F090059266E /* GoogleService-Info.plist */; };
/* End PBXBuildFile section */

/* Begin PBXContainerItemProxy section */
		C65B04BC2B4C3B740059266E /* PBXContainerItemProxy */ = {
			isa = PBXContainerItemProxy;
			containerPortal = C65B04A22B4C3B6F0059266E /* Project object */;
			proxyType = 1;
			remoteGlobalIDString = C65B04A92B4C3B6F0059266E;
			remoteInfo = Socialcademy;
		};
		C65B04C62B4C3B740059266E /* PBXContainerItemProxy */ = {
			isa = PBXContainerItemProxy;
			containerPortal = C65B04A22B4C3B6F0059266E /* Project object */;
			proxyType = 1;
			remoteGlobalIDString = C65B04A92B4C3B6F0059266E;
			remoteInfo = Socialcademy;
		};
/* End PBXContainerItemProxy section */

/* Begin PBXFileReference section */
		C63668262B4D708D0089B2EC /* Post.swift */ = {isa = PBXFileReference; lastKnownFileType = sourcecode.swift; path = Post.swift; sourceTree = "<group>"; };
		C63668292B4D71280089B2EC /* PostViewModel.swift */ = {isa = PBXFileReference; lastKnownFileType = sourcecode.swift; path = PostViewModel.swift; sourceTree = "<group>"; };
		C636682B2B4D71660089B2EC /* PostRow.swift */ = {isa = PBXFileReference; lastKnownFileType = sourcecode.swift; path = PostRow.swift; sourceTree = "<group>"; };
		C636682D2B4D71810089B2EC /* PostList.swift */ = {isa = PBXFileReference; lastKnownFileType = sourcecode.swift; path = PostList.swift; sourceTree = "<group>"; };
		C636682F2B4D71B10089B2EC /* PostsRespository.swift */ = {isa = PBXFileReference; lastKnownFileType = sourcecode.swift; path = PostsRespository.swift; sourceTree = "<group>"; };
		C65B04AA2B4C3B6F0059266E /* Socialcademy.app */ = {isa = PBXFileReference; explicitFileType = wrapper.application; includeInIndex = 0; path = Socialcademy.app; sourceTree = BUILT_PRODUCTS_DIR; };
		C65B04AD2B4C3B700059266E /* SocialcademyApp.swift */ = {isa = PBXFileReference; lastKnownFileType = sourcecode.swift; path = SocialcademyApp.swift; sourceTree = "<group>"; };
		C65B04AF2B4C3B700059266E /* NewPostForm.swift */ = {isa = PBXFileReference; lastKnownFileType = sourcecode.swift; path = NewPostForm.swift; sourceTree = "<group>"; };
		C65B04B12B4C3B730059266E /* Assets.xcassets */ = {isa = PBXFileReference; lastKnownFileType = folder.assetcatalog; path = Assets.xcassets; sourceTree = "<group>"; };
		C65B04B32B4C3B730059266E /* Socialcademy.entitlements */ = {isa = PBXFileReference; lastKnownFileType = text.plist.entitlements; path = Socialcademy.entitlements; sourceTree = "<group>"; };
		C65B04B52B4C3B730059266E /* Preview Assets.xcassets */ = {isa = PBXFileReference; lastKnownFileType = folder.assetcatalog; path = "Preview Assets.xcassets"; sourceTree = "<group>"; };
		C65B04BB2B4C3B740059266E /* SocialcademyTests.xctest */ = {isa = PBXFileReference; explicitFileType = wrapper.cfbundle; includeInIndex = 0; path = SocialcademyTests.xctest; sourceTree = BUILT_PRODUCTS_DIR; };
		C65B04BF2B4C3B740059266E /* SocialcademyTests.swift */ = {isa = PBXFileReference; lastKnownFileType = sourcecode.swift; path = SocialcademyTests.swift; sourceTree = "<group>"; };
		C65B04C52B4C3B740059266E /* SocialcademyUITests.xctest */ = {isa = PBXFileReference; explicitFileType = wrapper.cfbundle; includeInIndex = 0; path = SocialcademyUITests.xctest; sourceTree = BUILT_PRODUCTS_DIR; };
		C65B04C92B4C3B740059266E /* SocialcademyUITests.swift */ = {isa = PBXFileReference; lastKnownFileType = sourcecode.swift; path = SocialcademyUITests.swift; sourceTree = "<group>"; };
		C65B04CB2B4C3B740059266E /* SocialcademyUITestsLaunchTests.swift */ = {isa = PBXFileReference; lastKnownFileType = sourcecode.swift; path = SocialcademyUITestsLaunchTests.swift; sourceTree = "<group>"; };
		C65B04DF2B4C3F090059266E /* GoogleService-Info.plist */ = {isa = PBXFileReference; fileEncoding = 4; lastKnownFileType = text.plist.xml; path = "GoogleService-Info.plist"; sourceTree = "<group>"; };
/* End PBXFileReference section */

/* Begin PBXFrameworksBuildPhase section */
		C65B04A72B4C3B6F0059266E /* Frameworks */ = {
			isa = PBXFrameworksBuildPhase;
			buildActionMask = 2147483647;
			files = (
				C65B04DA2B4C3D600059266E /* FirebaseAnalytics in Frameworks */,
				C65B04DC2B4C3D600059266E /* FirebaseFirestore in Frameworks */,
				C65B04DE2B4C3D610059266E /* FirebaseFirestoreSwift in Frameworks */,
			);
			runOnlyForDeploymentPostprocessing = 0;
		};
		C65B04B82B4C3B740059266E /* Frameworks */ = {
			isa = PBXFrameworksBuildPhase;
			buildActionMask = 2147483647;
			files = (
			);
			runOnlyForDeploymentPostprocessing = 0;
		};
		C65B04C22B4C3B740059266E /* Frameworks */ = {
			isa = PBXFrameworksBuildPhase;
			buildActionMask = 2147483647;
			files = (
			);
			runOnlyForDeploymentPostprocessing = 0;
		};
/* End PBXFrameworksBuildPhase section */

/* Begin PBXGroup section */
		C63668282B4D70E70089B2EC /* Repositories */ = {
			isa = PBXGroup;
			children = (
				C636682F2B4D71B10089B2EC /* PostsRespository.swift */,
			);
			path = Repositories;
			sourceTree = "<group>";
		};
		C65B04A12B4C3B6F0059266E = {
			isa = PBXGroup;
			children = (
				C65B04AC2B4C3B700059266E /* Socialcademy */,
				C65B04BE2B4C3B740059266E /* SocialcademyTests */,
				C65B04C82B4C3B740059266E /* SocialcademyUITests */,
				C65B04AB2B4C3B6F0059266E /* Products */,
			);
			sourceTree = "<group>";
		};
		C65B04AB2B4C3B6F0059266E /* Products */ = {
			isa = PBXGroup;
			children = (
				C65B04AA2B4C3B6F0059266E /* Socialcademy.app */,
				C65B04BB2B4C3B740059266E /* SocialcademyTests.xctest */,
				C65B04C52B4C3B740059266E /* SocialcademyUITests.xctest */,
			);
			name = Products;
			sourceTree = "<group>";
		};
		C65B04AC2B4C3B700059266E /* Socialcademy */ = {
			isa = PBXGroup;
			children = (
				C65B04AD2B4C3B700059266E /* SocialcademyApp.swift */,
				C6C7E2A22B4D6F4600A7B9A2 /* Views */,
				C6C7E2A32B4D6F5400A7B9A2 /* View Models */,
				C6C7E2A42B4D6F5C00A7B9A2 /* Models */,
				C63668282B4D70E70089B2EC /* Repositories */,
				C6C7E2A12B4D6F2A00A7B9A2 /* Resources */,
				C65B04B32B4C3B730059266E /* Socialcademy.entitlements */,
			);
			path = Socialcademy;
			sourceTree = "<group>";
		};
		C65B04B42B4C3B730059266E /* Preview Content */ = {
			isa = PBXGroup;
			children = (
				C65B04B52B4C3B730059266E /* Preview Assets.xcassets */,
			);
			path = "Preview Content";
			sourceTree = "<group>";
		};
		C65B04BE2B4C3B740059266E /* SocialcademyTests */ = {
			isa = PBXGroup;
			children = (
				C65B04BF2B4C3B740059266E /* SocialcademyTests.swift */,
			);
			path = SocialcademyTests;
			sourceTree = "<group>";
		};
		C65B04C82B4C3B740059266E /* SocialcademyUITests */ = {
			isa = PBXGroup;
			children = (
				C65B04C92B4C3B740059266E /* SocialcademyUITests.swift */,
				C65B04CB2B4C3B740059266E /* SocialcademyUITestsLaunchTests.swift */,
			);
			path = SocialcademyUITests;
			sourceTree = "<group>";
		};
		C6C7E2A12B4D6F2A00A7B9A2 /* Resources */ = {
			isa = PBXGroup;
			children = (
				C65B04DF2B4C3F090059266E /* GoogleService-Info.plist */,
				C65B04B12B4C3B730059266E /* Assets.xcassets */,
				C65B04B42B4C3B730059266E /* Preview Content */,
			);
			path = Resources;
			sourceTree = "<group>";
		};
		C6C7E2A22B4D6F4600A7B9A2 /* Views */ = {
			isa = PBXGroup;
			children = (
				C65B04AF2B4C3B700059266E /* NewPostForm.swift */,
				C636682B2B4D71660089B2EC /* PostRow.swift */,
				C636682D2B4D71810089B2EC /* PostList.swift */,
			);
			path = Views;
			sourceTree = "<group>";
		};
		C6C7E2A32B4D6F5400A7B9A2 /* View Models */ = {
			isa = PBXGroup;
			children = (
				C63668292B4D71280089B2EC /* PostViewModel.swift */,
			);
			path = "View Models";
			sourceTree = "<group>";
		};
		C6C7E2A42B4D6F5C00A7B9A2 /* Models */ = {
			isa = PBXGroup;
			children = (
				C63668262B4D708D0089B2EC /* Post.swift */,
			);
			path = Models;
			sourceTree = "<group>";
		};
/* End PBXGroup section */

/* Begin PBXNativeTarget section */
		C65B04A92B4C3B6F0059266E /* Socialcademy */ = {
			isa = PBXNativeTarget;
			buildConfigurationList = C65B04CF2B4C3B740059266E /* Build configuration list for PBXNativeTarget "Socialcademy" */;
			buildPhases = (
				C65B04A62B4C3B6F0059266E /* Sources */,
				C65B04A72B4C3B6F0059266E /* Frameworks */,
				C65B04A82B4C3B6F0059266E /* Resources */,
			);
			buildRules = (
			);
			dependencies = (
			);
			name = Socialcademy;
			packageProductDependencies = (
				C65B04D92B4C3D600059266E /* FirebaseAnalytics */,
				C65B04DB2B4C3D600059266E /* FirebaseFirestore */,
				C65B04DD2B4C3D610059266E /* FirebaseFirestoreSwift */,
			);
			productName = Socialcademy;
			productReference = C65B04AA2B4C3B6F0059266E /* Socialcademy.app */;
			productType = "com.apple.product-type.application";
		};
		C65B04BA2B4C3B740059266E /* SocialcademyTests */ = {
			isa = PBXNativeTarget;
			buildConfigurationList = C65B04D22B4C3B740059266E /* Build configuration list for PBXNativeTarget "SocialcademyTests" */;
			buildPhases = (
				C65B04B72B4C3B740059266E /* Sources */,
				C65B04B82B4C3B740059266E /* Frameworks */,
				C65B04B92B4C3B740059266E /* Resources */,
			);
			buildRules = (
			);
			dependencies = (
				C65B04BD2B4C3B740059266E /* PBXTargetDependency */,
			);
			name = SocialcademyTests;
			productName = SocialcademyTests;
			productReference = C65B04BB2B4C3B740059266E /* SocialcademyTests.xctest */;
			productType = "com.apple.product-type.bundle.unit-test";
		};
		C65B04C42B4C3B740059266E /* SocialcademyUITests */ = {
			isa = PBXNativeTarget;
			buildConfigurationList = C65B04D52B4C3B740059266E /* Build configuration list for PBXNativeTarget "SocialcademyUITests" */;
			buildPhases = (
				C65B04C12B4C3B740059266E /* Sources */,
				C65B04C22B4C3B740059266E /* Frameworks */,
				C65B04C32B4C3B740059266E /* Resources */,
			);
			buildRules = (
			);
			dependencies = (
				C65B04C72B4C3B740059266E /* PBXTargetDependency */,
			);
			name = SocialcademyUITests;
			productName = SocialcademyUITests;
			productReference = C65B04C52B4C3B740059266E /* SocialcademyUITests.xctest */;
			productType = "com.apple.product-type.bundle.ui-testing";
		};
/* End PBXNativeTarget section */

/* Begin PBXProject section */
		C65B04A22B4C3B6F0059266E /* Project object */ = {
			isa = PBXProject;
			attributes = {
				BuildIndependentTargetsInParallel = 1;
				LastSwiftUpdateCheck = 1510;
				LastUpgradeCheck = 1510;
				TargetAttributes = {
					C65B04A92B4C3B6F0059266E = {
						CreatedOnToolsVersion = 15.1;
					};
					C65B04BA2B4C3B740059266E = {
						CreatedOnToolsVersion = 15.1;
						TestTargetID = C65B04A92B4C3B6F0059266E;
					};
					C65B04C42B4C3B740059266E = {
						CreatedOnToolsVersion = 15.1;
						TestTargetID = C65B04A92B4C3B6F0059266E;
					};
				};
			};
			buildConfigurationList = C65B04A52B4C3B6F0059266E /* Build configuration list for PBXProject "Socialcademy" */;
			compatibilityVersion = "Xcode 14.0";
			developmentRegion = en;
			hasScannedForEncodings = 0;
			knownRegions = (
				en,
				Base,
			);
			mainGroup = C65B04A12B4C3B6F0059266E;
			packageReferences = (
				C65B04D82B4C3D600059266E /* XCRemoteSwiftPackageReference "firebase-ios-sdk" */,
			);
			productRefGroup = C65B04AB2B4C3B6F0059266E /* Products */;
			projectDirPath = "";
			projectRoot = "";
			targets = (
				C65B04A92B4C3B6F0059266E /* Socialcademy */,
				C65B04BA2B4C3B740059266E /* SocialcademyTests */,
				C65B04C42B4C3B740059266E /* SocialcademyUITests */,
			);
		};
/* End PBXProject section */

/* Begin PBXResourcesBuildPhase section */
		C65B04A82B4C3B6F0059266E /* Resources */ = {
			isa = PBXResourcesBuildPhase;
			buildActionMask = 2147483647;
			files = (
				C65B04B62B4C3B730059266E /* Preview Assets.xcassets in Resources */,
				C65B04B22B4C3B730059266E /* Assets.xcassets in Resources */,
				C65B04E02B4C3F090059266E /* GoogleService-Info.plist in Resources */,
			);
			runOnlyForDeploymentPostprocessing = 0;
		};
		C65B04B92B4C3B740059266E /* Resources */ = {
			isa = PBXResourcesBuildPhase;
			buildActionMask = 2147483647;
			files = (
			);
			runOnlyForDeploymentPostprocessing = 0;
		};
		C65B04C32B4C3B740059266E /* Resources */ = {
			isa = PBXResourcesBuildPhase;
			buildActionMask = 2147483647;
			files = (
			);
			runOnlyForDeploymentPostprocessing = 0;
		};
/* End PBXResourcesBuildPhase section */

/* Begin PBXSourcesBuildPhase section */
		C65B04A62B4C3B6F0059266E /* Sources */ = {
			isa = PBXSourcesBuildPhase;
			buildActionMask = 2147483647;
			files = (
				C636682A2B4D71280089B2EC /* PostViewModel.swift in Sources */,
				C636682E2B4D71810089B2EC /* PostList.swift in Sources */,
				C63668272B4D708D0089B2EC /* Post.swift in Sources */,
				C636682C2B4D71660089B2EC /* PostRow.swift in Sources */,
				C63668302B4D71B10089B2EC /* PostsRespository.swift in Sources */,
				C65B04B02B4C3B700059266E /* NewPostForm.swift in Sources */,
				C65B04AE2B4C3B700059266E /* SocialcademyApp.swift in Sources */,
			);
			runOnlyForDeploymentPostprocessing = 0;
		};
		C65B04B72B4C3B740059266E /* Sources */ = {
			isa = PBXSourcesBuildPhase;
			buildActionMask = 2147483647;
			files = (
				C65B04C02B4C3B740059266E /* SocialcademyTests.swift in Sources */,
			);
			runOnlyForDeploymentPostprocessing = 0;
		};
		C65B04C12B4C3B740059266E /* Sources */ = {
			isa = PBXSourcesBuildPhase;
			buildActionMask = 2147483647;
			files = (
				C65B04CC2B4C3B740059266E /* SocialcademyUITestsLaunchTests.swift in Sources */,
				C65B04CA2B4C3B740059266E /* SocialcademyUITests.swift in Sources */,
			);
			runOnlyForDeploymentPostprocessing = 0;
		};
/* End PBXSourcesBuildPhase section */

/* Begin PBXTargetDependency section */
		C65B04BD2B4C3B740059266E /* PBXTargetDependency */ = {
			isa = PBXTargetDependency;
			target = C65B04A92B4C3B6F0059266E /* Socialcademy */;
			targetProxy = C65B04BC2B4C3B740059266E /* PBXContainerItemProxy */;
		};
		C65B04C72B4C3B740059266E /* PBXTargetDependency */ = {
			isa = PBXTargetDependency;
			target = C65B04A92B4C3B6F0059266E /* Socialcademy */;
			targetProxy = C65B04C62B4C3B740059266E /* PBXContainerItemProxy */;
		};
/* End PBXTargetDependency section */

/* Begin XCBuildConfiguration section */
		C65B04CD2B4C3B740059266E /* Debug */ = {
			isa = XCBuildConfiguration;
			buildSettings = {
				ALWAYS_SEARCH_USER_PATHS = NO;
				ASSETCATALOG_COMPILER_GENERATE_SWIFT_ASSET_SYMBOL_EXTENSIONS = YES;
				CLANG_ANALYZER_NONNULL = YES;
				CLANG_ANALYZER_NUMBER_OBJECT_CONVERSION = YES_AGGRESSIVE;
				CLANG_CXX_LANGUAGE_STANDARD = "gnu++20";
				CLANG_ENABLE_MODULES = YES;
				CLANG_ENABLE_OBJC_ARC = YES;
				CLANG_ENABLE_OBJC_WEAK = YES;
				CLANG_WARN_BLOCK_CAPTURE_AUTORELEASING = YES;
				CLANG_WARN_BOOL_CONVERSION = YES;
				CLANG_WARN_COMMA = YES;
				CLANG_WARN_CONSTANT_CONVERSION = YES;
				CLANG_WARN_DEPRECATED_OBJC_IMPLEMENTATIONS = YES;
				CLANG_WARN_DIRECT_OBJC_ISA_USAGE = YES_ERROR;
				CLANG_WARN_DOCUMENTATION_COMMENTS = YES;
				CLANG_WARN_EMPTY_BODY = YES;
				CLANG_WARN_ENUM_CONVERSION = YES;
				CLANG_WARN_INFINITE_RECURSION = YES;
				CLANG_WARN_INT_CONVERSION = YES;
				CLANG_WARN_NON_LITERAL_NULL_CONVERSION = YES;
				CLANG_WARN_OBJC_IMPLICIT_RETAIN_SELF = YES;
				CLANG_WARN_OBJC_LITERAL_CONVERSION = YES;
				CLANG_WARN_OBJC_ROOT_CLASS = YES_ERROR;
				CLANG_WARN_QUOTED_INCLUDE_IN_FRAMEWORK_HEADER = YES;
				CLANG_WARN_RANGE_LOOP_ANALYSIS = YES;
				CLANG_WARN_STRICT_PROTOTYPES = YES;
				CLANG_WARN_SUSPICIOUS_MOVE = YES;
				CLANG_WARN_UNGUARDED_AVAILABILITY = YES_AGGRESSIVE;
				CLANG_WARN_UNREACHABLE_CODE = YES;
				CLANG_WARN__DUPLICATE_METHOD_MATCH = YES;
				COPY_PHASE_STRIP = NO;
				DEBUG_INFORMATION_FORMAT = dwarf;
				ENABLE_STRICT_OBJC_MSGSEND = YES;
				ENABLE_TESTABILITY = YES;
				ENABLE_USER_SCRIPT_SANDBOXING = YES;
				GCC_C_LANGUAGE_STANDARD = gnu17;
				GCC_DYNAMIC_NO_PIC = NO;
				GCC_NO_COMMON_BLOCKS = YES;
				GCC_OPTIMIZATION_LEVEL = 0;
				GCC_PREPROCESSOR_DEFINITIONS = (
					"DEBUG=1",
					"$(inherited)",
				);
				GCC_WARN_64_TO_32_BIT_CONVERSION = YES;
				GCC_WARN_ABOUT_RETURN_TYPE = YES_ERROR;
				GCC_WARN_UNDECLARED_SELECTOR = YES;
				GCC_WARN_UNINITIALIZED_AUTOS = YES_AGGRESSIVE;
				GCC_WARN_UNUSED_FUNCTION = YES;
				GCC_WARN_UNUSED_VARIABLE = YES;
				LOCALIZATION_PREFERS_STRING_CATALOGS = YES;
				MTL_ENABLE_DEBUG_INFO = INCLUDE_SOURCE;
				MTL_FAST_MATH = YES;
				ONLY_ACTIVE_ARCH = YES;
				SWIFT_ACTIVE_COMPILATION_CONDITIONS = "DEBUG $(inherited)";
				SWIFT_OPTIMIZATION_LEVEL = "-Onone";
			};
			name = Debug;
		};
		C65B04CE2B4C3B740059266E /* Release */ = {
			isa = XCBuildConfiguration;
			buildSettings = {
				ALWAYS_SEARCH_USER_PATHS = NO;
				ASSETCATALOG_COMPILER_GENERATE_SWIFT_ASSET_SYMBOL_EXTENSIONS = YES;
				CLANG_ANALYZER_NONNULL = YES;
				CLANG_ANALYZER_NUMBER_OBJECT_CONVERSION = YES_AGGRESSIVE;
				CLANG_CXX_LANGUAGE_STANDARD = "gnu++20";
				CLANG_ENABLE_MODULES = YES;
				CLANG_ENABLE_OBJC_ARC = YES;
				CLANG_ENABLE_OBJC_WEAK = YES;
				CLANG_WARN_BLOCK_CAPTURE_AUTORELEASING = YES;
				CLANG_WARN_BOOL_CONVERSION = YES;
				CLANG_WARN_COMMA = YES;
				CLANG_WARN_CONSTANT_CONVERSION = YES;
				CLANG_WARN_DEPRECATED_OBJC_IMPLEMENTATIONS = YES;
				CLANG_WARN_DIRECT_OBJC_ISA_USAGE = YES_ERROR;
				CLANG_WARN_DOCUMENTATION_COMMENTS = YES;
				CLANG_WARN_EMPTY_BODY = YES;
				CLANG_WARN_ENUM_CONVERSION = YES;
				CLANG_WARN_INFINITE_RECURSION = YES;
				CLANG_WARN_INT_CONVERSION = YES;
				CLANG_WARN_NON_LITERAL_NULL_CONVERSION = YES;
				CLANG_WARN_OBJC_IMPLICIT_RETAIN_SELF = YES;
				CLANG_WARN_OBJC_LITERAL_CONVERSION = YES;
				CLANG_WARN_OBJC_ROOT_CLASS = YES_ERROR;
				CLANG_WARN_QUOTED_INCLUDE_IN_FRAMEWORK_HEADER = YES;
				CLANG_WARN_RANGE_LOOP_ANALYSIS = YES;
				CLANG_WARN_STRICT_PROTOTYPES = YES;
				CLANG_WARN_SUSPICIOUS_MOVE = YES;
				CLANG_WARN_UNGUARDED_AVAILABILITY = YES_AGGRESSIVE;
				CLANG_WARN_UNREACHABLE_CODE = YES;
				CLANG_WARN__DUPLICATE_METHOD_MATCH = YES;
				COPY_PHASE_STRIP = NO;
				DEBUG_INFORMATION_FORMAT = "dwarf-with-dsym";
				ENABLE_NS_ASSERTIONS = NO;
				ENABLE_STRICT_OBJC_MSGSEND = YES;
				ENABLE_USER_SCRIPT_SANDBOXING = YES;
				GCC_C_LANGUAGE_STANDARD = gnu17;
				GCC_NO_COMMON_BLOCKS = YES;
				GCC_WARN_64_TO_32_BIT_CONVERSION = YES;
				GCC_WARN_ABOUT_RETURN_TYPE = YES_ERROR;
				GCC_WARN_UNDECLARED_SELECTOR = YES;
				GCC_WARN_UNINITIALIZED_AUTOS = YES_AGGRESSIVE;
				GCC_WARN_UNUSED_FUNCTION = YES;
				GCC_WARN_UNUSED_VARIABLE = YES;
				LOCALIZATION_PREFERS_STRING_CATALOGS = YES;
				MTL_ENABLE_DEBUG_INFO = NO;
				MTL_FAST_MATH = YES;
				SWIFT_COMPILATION_MODE = wholemodule;
			};
			name = Release;
		};
		C65B04D02B4C3B740059266E /* Debug */ = {
			isa = XCBuildConfiguration;
			buildSettings = {
				ASSETCATALOG_COMPILER_APPICON_NAME = AppIcon;
				ASSETCATALOG_COMPILER_GLOBAL_ACCENT_COLOR_NAME = AccentColor;
				CODE_SIGN_ENTITLEMENTS = Socialcademy/Socialcademy.entitlements;
				CODE_SIGN_STYLE = Automatic;
				CURRENT_PROJECT_VERSION = 1;
				DEVELOPMENT_ASSET_PATHS = "\"Socialcademy/Resources/Preview Content\"";
				DEVELOPMENT_TEAM = 56Q8G42J48;
				ENABLE_HARDENED_RUNTIME = YES;
				ENABLE_PREVIEWS = YES;
				GENERATE_INFOPLIST_FILE = YES;
				"INFOPLIST_KEY_UIApplicationSceneManifest_Generation[sdk=iphoneos*]" = YES;
				"INFOPLIST_KEY_UIApplicationSceneManifest_Generation[sdk=iphonesimulator*]" = YES;
				"INFOPLIST_KEY_UIApplicationSupportsIndirectInputEvents[sdk=iphoneos*]" = YES;
				"INFOPLIST_KEY_UIApplicationSupportsIndirectInputEvents[sdk=iphonesimulator*]" = YES;
				"INFOPLIST_KEY_UILaunchScreen_Generation[sdk=iphoneos*]" = YES;
				"INFOPLIST_KEY_UILaunchScreen_Generation[sdk=iphonesimulator*]" = YES;
				"INFOPLIST_KEY_UIStatusBarStyle[sdk=iphoneos*]" = UIStatusBarStyleDefault;
				"INFOPLIST_KEY_UIStatusBarStyle[sdk=iphonesimulator*]" = UIStatusBarStyleDefault;
				INFOPLIST_KEY_UISupportedInterfaceOrientations_iPad = "UIInterfaceOrientationPortrait UIInterfaceOrientationPortraitUpsideDown UIInterfaceOrientationLandscapeLeft UIInterfaceOrientationLandscapeRight";
				INFOPLIST_KEY_UISupportedInterfaceOrientations_iPhone = "UIInterfaceOrientationPortrait UIInterfaceOrientationLandscapeLeft UIInterfaceOrientationLandscapeRight";
				IPHONEOS_DEPLOYMENT_TARGET = 15.0;
				LD_RUNPATH_SEARCH_PATHS = "@executable_path/Frameworks";
				"LD_RUNPATH_SEARCH_PATHS[sdk=macosx*]" = "@executable_path/../Frameworks";
				MACOSX_DEPLOYMENT_TARGET = 14.2;
				MARKETING_VERSION = 1.0;
				PRODUCT_BUNDLE_IDENTIFIER = com.EnzoSchork.Socialcademy;
				PRODUCT_NAME = "$(TARGET_NAME)";
				SDKROOT = auto;
				SUPPORTED_PLATFORMS = "iphoneos iphonesimulator macosx";
				SWIFT_EMIT_LOC_STRINGS = YES;
				SWIFT_VERSION = 5.0;
				TARGETED_DEVICE_FAMILY = "1,2";
			};
			name = Debug;
		};
		C65B04D12B4C3B740059266E /* Release */ = {
			isa = XCBuildConfiguration;
			buildSettings = {
				ASSETCATALOG_COMPILER_APPICON_NAME = AppIcon;
				ASSETCATALOG_COMPILER_GLOBAL_ACCENT_COLOR_NAME = AccentColor;
				CODE_SIGN_ENTITLEMENTS = Socialcademy/Socialcademy.entitlements;
				CODE_SIGN_STYLE = Automatic;
				CURRENT_PROJECT_VERSION = 1;
				DEVELOPMENT_ASSET_PATHS = "\"Socialcademy/Resources/Preview Content\"";
				DEVELOPMENT_TEAM = 56Q8G42J48;
				ENABLE_HARDENED_RUNTIME = YES;
				ENABLE_PREVIEWS = YES;
				GENERATE_INFOPLIST_FILE = YES;
				"INFOPLIST_KEY_UIApplicationSceneManifest_Generation[sdk=iphoneos*]" = YES;
				"INFOPLIST_KEY_UIApplicationSceneManifest_Generation[sdk=iphonesimulator*]" = YES;
				"INFOPLIST_KEY_UIApplicationSupportsIndirectInputEvents[sdk=iphoneos*]" = YES;
				"INFOPLIST_KEY_UIApplicationSupportsIndirectInputEvents[sdk=iphonesimulator*]" = YES;
				"INFOPLIST_KEY_UILaunchScreen_Generation[sdk=iphoneos*]" = YES;
				"INFOPLIST_KEY_UILaunchScreen_Generation[sdk=iphonesimulator*]" = YES;
				"INFOPLIST_KEY_UIStatusBarStyle[sdk=iphoneos*]" = UIStatusBarStyleDefault;
				"INFOPLIST_KEY_UIStatusBarStyle[sdk=iphonesimulator*]" = UIStatusBarStyleDefault;
				INFOPLIST_KEY_UISupportedInterfaceOrientations_iPad = "UIInterfaceOrientationPortrait UIInterfaceOrientationPortraitUpsideDown UIInterfaceOrientationLandscapeLeft UIInterfaceOrientationLandscapeRight";
				INFOPLIST_KEY_UISupportedInterfaceOrientations_iPhone = "UIInterfaceOrientationPortrait UIInterfaceOrientationLandscapeLeft UIInterfaceOrientationLandscapeRight";
				IPHONEOS_DEPLOYMENT_TARGET = 15.0;
				LD_RUNPATH_SEARCH_PATHS = "@executable_path/Frameworks";
				"LD_RUNPATH_SEARCH_PATHS[sdk=macosx*]" = "@executable_path/../Frameworks";
				MACOSX_DEPLOYMENT_TARGET = 14.2;
				MARKETING_VERSION = 1.0;
				PRODUCT_BUNDLE_IDENTIFIER = com.EnzoSchork.Socialcademy;
				PRODUCT_NAME = "$(TARGET_NAME)";
				SDKROOT = auto;
				SUPPORTED_PLATFORMS = "iphoneos iphonesimulator macosx";
				SWIFT_EMIT_LOC_STRINGS = YES;
				SWIFT_VERSION = 5.0;
				TARGETED_DEVICE_FAMILY = "1,2";
			};
			name = Release;
		};
		C65B04D32B4C3B740059266E /* Debug */ = {
			isa = XCBuildConfiguration;
			buildSettings = {
				ALWAYS_EMBED_SWIFT_STANDARD_LIBRARIES = YES;
				BUNDLE_LOADER = "$(TEST_HOST)";
				CODE_SIGN_STYLE = Automatic;
				CURRENT_PROJECT_VERSION = 1;
				DEVELOPMENT_TEAM = 56Q8G42J48;
				GENERATE_INFOPLIST_FILE = YES;
				IPHONEOS_DEPLOYMENT_TARGET = 17.2;
				MACOSX_DEPLOYMENT_TARGET = 14.2;
				MARKETING_VERSION = 1.0;
				PRODUCT_BUNDLE_IDENTIFIER = com.EnzoSchork.SocialcademyTests;
				PRODUCT_NAME = "$(TARGET_NAME)";
				SDKROOT = auto;
				SUPPORTED_PLATFORMS = "iphoneos iphonesimulator macosx";
				SWIFT_EMIT_LOC_STRINGS = NO;
				SWIFT_VERSION = 5.0;
				TARGETED_DEVICE_FAMILY = "1,2";
				TEST_HOST = "$(BUILT_PRODUCTS_DIR)/Socialcademy.app/$(BUNDLE_EXECUTABLE_FOLDER_PATH)/Socialcademy";
			};
			name = Debug;
		};
		C65B04D42B4C3B740059266E /* Release */ = {
			isa = XCBuildConfiguration;
			buildSettings = {
				ALWAYS_EMBED_SWIFT_STANDARD_LIBRARIES = YES;
				BUNDLE_LOADER = "$(TEST_HOST)";
				CODE_SIGN_STYLE = Automatic;
				CURRENT_PROJECT_VERSION = 1;
				DEVELOPMENT_TEAM = 56Q8G42J48;
				GENERATE_INFOPLIST_FILE = YES;
				IPHONEOS_DEPLOYMENT_TARGET = 17.2;
				MACOSX_DEPLOYMENT_TARGET = 14.2;
				MARKETING_VERSION = 1.0;
				PRODUCT_BUNDLE_IDENTIFIER = com.EnzoSchork.SocialcademyTests;
				PRODUCT_NAME = "$(TARGET_NAME)";
				SDKROOT = auto;
				SUPPORTED_PLATFORMS = "iphoneos iphonesimulator macosx";
				SWIFT_EMIT_LOC_STRINGS = NO;
				SWIFT_VERSION = 5.0;
				TARGETED_DEVICE_FAMILY = "1,2";
				TEST_HOST = "$(BUILT_PRODUCTS_DIR)/Socialcademy.app/$(BUNDLE_EXECUTABLE_FOLDER_PATH)/Socialcademy";
			};
			name = Release;
		};
		C65B04D62B4C3B740059266E /* Debug */ = {
			isa = XCBuildConfiguration;
			buildSettings = {
				ALWAYS_EMBED_SWIFT_STANDARD_LIBRARIES = YES;
				CODE_SIGN_STYLE = Automatic;
				CURRENT_PROJECT_VERSION = 1;
				DEVELOPMENT_TEAM = 56Q8G42J48;
				GENERATE_INFOPLIST_FILE = YES;
				IPHONEOS_DEPLOYMENT_TARGET = 17.2;
				MACOSX_DEPLOYMENT_TARGET = 14.2;
				MARKETING_VERSION = 1.0;
				PRODUCT_BUNDLE_IDENTIFIER = com.EnzoSchork.SocialcademyUITests;
				PRODUCT_NAME = "$(TARGET_NAME)";
				SDKROOT = auto;
				SUPPORTED_PLATFORMS = "iphoneos iphonesimulator macosx";
				SWIFT_EMIT_LOC_STRINGS = NO;
				SWIFT_VERSION = 5.0;
				TARGETED_DEVICE_FAMILY = "1,2";
				TEST_TARGET_NAME = Socialcademy;
			};
			name = Debug;
		};
		C65B04D72B4C3B740059266E /* Release */ = {
			isa = XCBuildConfiguration;
			buildSettings = {
				ALWAYS_EMBED_SWIFT_STANDARD_LIBRARIES = YES;
				CODE_SIGN_STYLE = Automatic;
				CURRENT_PROJECT_VERSION = 1;
				DEVELOPMENT_TEAM = 56Q8G42J48;
				GENERATE_INFOPLIST_FILE = YES;
				IPHONEOS_DEPLOYMENT_TARGET = 17.2;
				MACOSX_DEPLOYMENT_TARGET = 14.2;
				MARKETING_VERSION = 1.0;
				PRODUCT_BUNDLE_IDENTIFIER = com.EnzoSchork.SocialcademyUITests;
				PRODUCT_NAME = "$(TARGET_NAME)";
				SDKROOT = auto;
				SUPPORTED_PLATFORMS = "iphoneos iphonesimulator macosx";
				SWIFT_EMIT_LOC_STRINGS = NO;
				SWIFT_VERSION = 5.0;
				TARGETED_DEVICE_FAMILY = "1,2";
				TEST_TARGET_NAME = Socialcademy;
			};
			name = Release;
		};
/* End XCBuildConfiguration section */

/* Begin XCConfigurationList section */
		C65B04A52B4C3B6F0059266E /* Build configuration list for PBXProject "Socialcademy" */ = {
			isa = XCConfigurationList;
			buildConfigurations = (
				C65B04CD2B4C3B740059266E /* Debug */,
				C65B04CE2B4C3B740059266E /* Release */,
			);
			defaultConfigurationIsVisible = 0;
			defaultConfigurationName = Release;
		};
		C65B04CF2B4C3B740059266E /* Build configuration list for PBXNativeTarget "Socialcademy" */ = {
			isa = XCConfigurationList;
			buildConfigurations = (
				C65B04D02B4C3B740059266E /* Debug */,
				C65B04D12B4C3B740059266E /* Release */,
			);
			defaultConfigurationIsVisible = 0;
			defaultConfigurationName = Release;
		};
		C65B04D22B4C3B740059266E /* Build configuration list for PBXNativeTarget "SocialcademyTests" */ = {
			isa = XCConfigurationList;
			buildConfigurations = (
				C65B04D32B4C3B740059266E /* Debug */,
				C65B04D42B4C3B740059266E /* Release */,
			);
			defaultConfigurationIsVisible = 0;
			defaultConfigurationName = Release;
		};
		C65B04D52B4C3B740059266E /* Build configuration list for PBXNativeTarget "SocialcademyUITests" */ = {
			isa = XCConfigurationList;
			buildConfigurations = (
				C65B04D62B4C3B740059266E /* Debug */,
				C65B04D72B4C3B740059266E /* Release */,
			);
			defaultConfigurationIsVisible = 0;
			defaultConfigurationName = Release;
		};
/* End XCConfigurationList section */

/* Begin XCRemoteSwiftPackageReference section */
		C65B04D82B4C3D600059266E /* XCRemoteSwiftPackageReference "firebase-ios-sdk" */ = {
			isa = XCRemoteSwiftPackageReference;
			repositoryURL = "https://github.com/firebase/firebase-ios-sdk.git";
			requirement = {
				kind = upToNextMajorVersion;
				minimumVersion = 10.19.1;
			};
		};
/* End XCRemoteSwiftPackageReference section */

/* Begin XCSwiftPackageProductDependency section */
		C65B04D92B4C3D600059266E /* FirebaseAnalytics */ = {
			isa = XCSwiftPackageProductDependency;
			package = C65B04D82B4C3D600059266E /* XCRemoteSwiftPackageReference "firebase-ios-sdk" */;
			productName = FirebaseAnalytics;
		};
		C65B04DB2B4C3D600059266E /* FirebaseFirestore */ = {
			isa = XCSwiftPackageProductDependency;
			package = C65B04D82B4C3D600059266E /* XCRemoteSwiftPackageReference "firebase-ios-sdk" */;
			productName = FirebaseFirestore;
		};
		C65B04DD2B4C3D610059266E /* FirebaseFirestoreSwift */ = {
			isa = XCSwiftPackageProductDependency;
			package = C65B04D82B4C3D600059266E /* XCRemoteSwiftPackageReference "firebase-ios-sdk" */;
			productName = FirebaseFirestoreSwift;
		};
/* End XCSwiftPackageProductDependency section */
	};
	rootObject = C65B04A22B4C3B6F0059266E /* Project object */;
}
