// !$*UTF8*$!
{
	archiveVersion = 1;
	classes = {
	};
	objectVersion = 56;
	objects = {

/* Begin PBXBuildFile section */
		833B6E812C19E5A60094DFC1 /* PostsRepository.swift in Sources */ = {isa = PBXBuildFile; fileRef = 833B6E802C19E5A60094DFC1 /* PostsRepository.swift */; };
		833B6E842C1A062C0094DFC1 /* Loadable.swift in Sources */ = {isa = PBXBuildFile; fileRef = 833B6E832C1A062C0094DFC1 /* Loadable.swift */; };
		833B6E862C1A08D40094DFC1 /* EmptyListView.swift in Sources */ = {isa = PBXBuildFile; fileRef = 833B6E852C1A08D40094DFC1 /* EmptyListView.swift */; };
		833B6E892C1A19CD0094DFC1 /* Alert+Error.swift in Sources */ = {isa = PBXBuildFile; fileRef = 833B6E882C1A19CD0094DFC1 /* Alert+Error.swift */; };
		833B6E8B2C1A1F530094DFC1 /* PostRowViewModel.swift in Sources */ = {isa = PBXBuildFile; fileRef = 833B6E8A2C1A1F530094DFC1 /* PostRowViewModel.swift */; };
		836FAFAB2C18909E00DF4360 /* SocialcademyApp.swift in Sources */ = {isa = PBXBuildFile; fileRef = 836FAFAA2C18909E00DF4360 /* SocialcademyApp.swift */; };
		836FAFAF2C1890A000DF4360 /* Assets.xcassets in Resources */ = {isa = PBXBuildFile; fileRef = 836FAFAE2C1890A000DF4360 /* Assets.xcassets */; };
		836FAFB22C1890A000DF4360 /* Preview Assets.xcassets in Resources */ = {isa = PBXBuildFile; fileRef = 836FAFB12C1890A000DF4360 /* Preview Assets.xcassets */; };
		836FAFBA2C1892FE00DF4360 /* FirebaseAnalytics in Frameworks */ = {isa = PBXBuildFile; productRef = 836FAFB92C1892FE00DF4360 /* FirebaseAnalytics */; };
		836FAFC62C1892FE00DF4360 /* FirebaseAuth in Frameworks */ = {isa = PBXBuildFile; productRef = 836FAFC52C1892FE00DF4360 /* FirebaseAuth */; };
		836FAFD22C1892FE00DF4360 /* FirebaseFirestore in Frameworks */ = {isa = PBXBuildFile; productRef = 836FAFD12C1892FE00DF4360 /* FirebaseFirestore */; };
		836FAFD62C1892FE00DF4360 /* FirebaseFirestoreSwift in Frameworks */ = {isa = PBXBuildFile; productRef = 836FAFD52C1892FE00DF4360 /* FirebaseFirestoreSwift */; };
		836FAFF22C18949600DF4360 /* GoogleService-Info.plist in Resources */ = {isa = PBXBuildFile; fileRef = 836FAFF12C18949600DF4360 /* GoogleService-Info.plist */; };
		836FAFF82C18976C00DF4360 /* Post.swift in Sources */ = {isa = PBXBuildFile; fileRef = 836FAFF72C18976C00DF4360 /* Post.swift */; };
		836FAFFA2C1897E600DF4360 /* PostsList.swift in Sources */ = {isa = PBXBuildFile; fileRef = 836FAFF92C1897E600DF4360 /* PostsList.swift */; };
		836FAFFC2C1899CA00DF4360 /* PostRow.swift in Sources */ = {isa = PBXBuildFile; fileRef = 836FAFFB2C1899CA00DF4360 /* PostRow.swift */; };
		836FAFFE2C18ACB700DF4360 /* NewPostForm.swift in Sources */ = {isa = PBXBuildFile; fileRef = 836FAFFD2C18ACB700DF4360 /* NewPostForm.swift */; };
		836FB0012C18B2E200DF4360 /* PostsViewModel.swift in Sources */ = {isa = PBXBuildFile; fileRef = 836FB0002C18B2E200DF4360 /* PostsViewModel.swift */; };
		83853B1A2C1B2BDA00024D6B /* MainTabView.swift in Sources */ = {isa = PBXBuildFile; fileRef = 83853B192C1B2BDA00024D6B /* MainTabView.swift */; };
		83853B1C2C1B371700024D6B /* AuthService.swift in Sources */ = {isa = PBXBuildFile; fileRef = 83853B1B2C1B371700024D6B /* AuthService.swift */; };
		83853B1F2C1B380300024D6B /* AuthViewModel.swift in Sources */ = {isa = PBXBuildFile; fileRef = 83853B1E2C1B380300024D6B /* AuthViewModel.swift */; };
		83853B212C1B385600024D6B /* AuthView.swift in Sources */ = {isa = PBXBuildFile; fileRef = 83853B202C1B385600024D6B /* AuthView.swift */; };
		83853B232C1B388D00024D6B /* ProfileView.swift in Sources */ = {isa = PBXBuildFile; fileRef = 83853B222C1B388D00024D6B /* ProfileView.swift */; };
		83853B252C1B38F600024D6B /* FormViewModel.swift in Sources */ = {isa = PBXBuildFile; fileRef = 83853B242C1B38F600024D6B /* FormViewModel.swift */; };
		83853B272C1B3D0400024D6B /* PrimaryButtonStyle.swift in Sources */ = {isa = PBXBuildFile; fileRef = 83853B262C1B3D0400024D6B /* PrimaryButtonStyle.swift */; };
		83853B292C1B4CD300024D6B /* User.swift in Sources */ = {isa = PBXBuildFile; fileRef = 83853B282C1B4CD300024D6B /* User.swift */; };
		83853B2B2C1B520400024D6B /* ViewModelFactory.swift in Sources */ = {isa = PBXBuildFile; fileRef = 83853B2A2C1B520400024D6B /* ViewModelFactory.swift */; };
/* End PBXBuildFile section */

/* Begin PBXFileReference section */
		833B6E802C19E5A60094DFC1 /* PostsRepository.swift */ = {isa = PBXFileReference; lastKnownFileType = sourcecode.swift; path = PostsRepository.swift; sourceTree = "<group>"; };
		833B6E832C1A062C0094DFC1 /* Loadable.swift */ = {isa = PBXFileReference; lastKnownFileType = sourcecode.swift; path = Loadable.swift; sourceTree = "<group>"; };
		833B6E852C1A08D40094DFC1 /* EmptyListView.swift */ = {isa = PBXFileReference; lastKnownFileType = sourcecode.swift; path = EmptyListView.swift; sourceTree = "<group>"; };
		833B6E882C1A19CD0094DFC1 /* Alert+Error.swift */ = {isa = PBXFileReference; lastKnownFileType = sourcecode.swift; path = "Alert+Error.swift"; sourceTree = "<group>"; };
		833B6E8A2C1A1F530094DFC1 /* PostRowViewModel.swift */ = {isa = PBXFileReference; lastKnownFileType = sourcecode.swift; path = PostRowViewModel.swift; sourceTree = "<group>"; };
		836FAFA72C18909E00DF4360 /* Socialcademy.app */ = {isa = PBXFileReference; explicitFileType = wrapper.application; includeInIndex = 0; path = Socialcademy.app; sourceTree = BUILT_PRODUCTS_DIR; };
		836FAFAA2C18909E00DF4360 /* SocialcademyApp.swift */ = {isa = PBXFileReference; lastKnownFileType = sourcecode.swift; path = SocialcademyApp.swift; sourceTree = "<group>"; };
		836FAFAE2C1890A000DF4360 /* Assets.xcassets */ = {isa = PBXFileReference; lastKnownFileType = folder.assetcatalog; path = Assets.xcassets; sourceTree = "<group>"; };
		836FAFB12C1890A000DF4360 /* Preview Assets.xcassets */ = {isa = PBXFileReference; lastKnownFileType = folder.assetcatalog; path = "Preview Assets.xcassets"; sourceTree = "<group>"; };
		836FAFF12C18949600DF4360 /* GoogleService-Info.plist */ = {isa = PBXFileReference; fileEncoding = 4; lastKnownFileType = text.plist.xml; path = "GoogleService-Info.plist"; sourceTree = "<group>"; };
		836FAFF72C18976C00DF4360 /* Post.swift */ = {isa = PBXFileReference; lastKnownFileType = sourcecode.swift; path = Post.swift; sourceTree = "<group>"; };
		836FAFF92C1897E600DF4360 /* PostsList.swift */ = {isa = PBXFileReference; lastKnownFileType = sourcecode.swift; path = PostsList.swift; sourceTree = "<group>"; };
		836FAFFB2C1899CA00DF4360 /* PostRow.swift */ = {isa = PBXFileReference; lastKnownFileType = sourcecode.swift; path = PostRow.swift; sourceTree = "<group>"; };
		836FAFFD2C18ACB700DF4360 /* NewPostForm.swift */ = {isa = PBXFileReference; lastKnownFileType = sourcecode.swift; path = NewPostForm.swift; sourceTree = "<group>"; };
		836FB0002C18B2E200DF4360 /* PostsViewModel.swift */ = {isa = PBXFileReference; lastKnownFileType = sourcecode.swift; path = PostsViewModel.swift; sourceTree = "<group>"; };
		83853B192C1B2BDA00024D6B /* MainTabView.swift */ = {isa = PBXFileReference; lastKnownFileType = sourcecode.swift; path = MainTabView.swift; sourceTree = "<group>"; };
		83853B1B2C1B371700024D6B /* AuthService.swift */ = {isa = PBXFileReference; lastKnownFileType = sourcecode.swift; path = AuthService.swift; sourceTree = "<group>"; };
		83853B1E2C1B380300024D6B /* AuthViewModel.swift */ = {isa = PBXFileReference; lastKnownFileType = sourcecode.swift; path = AuthViewModel.swift; sourceTree = "<group>"; };
		83853B202C1B385600024D6B /* AuthView.swift */ = {isa = PBXFileReference; lastKnownFileType = sourcecode.swift; path = AuthView.swift; sourceTree = "<group>"; };
		83853B222C1B388D00024D6B /* ProfileView.swift */ = {isa = PBXFileReference; lastKnownFileType = sourcecode.swift; path = ProfileView.swift; sourceTree = "<group>"; };
		83853B242C1B38F600024D6B /* FormViewModel.swift */ = {isa = PBXFileReference; lastKnownFileType = sourcecode.swift; path = FormViewModel.swift; sourceTree = "<group>"; };
		83853B262C1B3D0400024D6B /* PrimaryButtonStyle.swift */ = {isa = PBXFileReference; lastKnownFileType = sourcecode.swift; path = PrimaryButtonStyle.swift; sourceTree = "<group>"; };
		83853B282C1B4CD300024D6B /* User.swift */ = {isa = PBXFileReference; lastKnownFileType = sourcecode.swift; path = User.swift; sourceTree = "<group>"; };
		83853B2A2C1B520400024D6B /* ViewModelFactory.swift */ = {isa = PBXFileReference; lastKnownFileType = sourcecode.swift; path = ViewModelFactory.swift; sourceTree = "<group>"; };
/* End PBXFileReference section */

/* Begin PBXFrameworksBuildPhase section */
		836FAFA42C18909E00DF4360 /* Frameworks */ = {
			isa = PBXFrameworksBuildPhase;
			buildActionMask = 2147483647;
			files = (
				836FAFD22C1892FE00DF4360 /* FirebaseFirestore in Frameworks */,
				836FAFBA2C1892FE00DF4360 /* FirebaseAnalytics in Frameworks */,
				836FAFD62C1892FE00DF4360 /* FirebaseFirestoreSwift in Frameworks */,
				836FAFC62C1892FE00DF4360 /* FirebaseAuth in Frameworks */,
			);
			runOnlyForDeploymentPostprocessing = 0;
		};
/* End PBXFrameworksBuildPhase section */

/* Begin PBXGroup section */
		833B6E7F2C19E58D0094DFC1 /* Repositories */ = {
			isa = PBXGroup;
			children = (
				833B6E802C19E5A60094DFC1 /* PostsRepository.swift */,
			);
			path = Repositories;
			sourceTree = "<group>";
		};
		833B6E822C1A061B0094DFC1 /* Utilities */ = {
			isa = PBXGroup;
			children = (
				833B6E832C1A062C0094DFC1 /* Loadable.swift */,
			);
			path = Utilities;
			sourceTree = "<group>";
		};
		833B6E872C1A19B50094DFC1 /* Supporting Views */ = {
			isa = PBXGroup;
			children = (
				833B6E852C1A08D40094DFC1 /* EmptyListView.swift */,
				833B6E882C1A19CD0094DFC1 /* Alert+Error.swift */,
				83853B262C1B3D0400024D6B /* PrimaryButtonStyle.swift */,
			);
			path = "Supporting Views";
			sourceTree = "<group>";
		};
		836FAF9E2C18909E00DF4360 = {
			isa = PBXGroup;
			children = (
				836FAFA82C18909E00DF4360 /* Products */,
				836FAFA92C18909E00DF4360 /* Socialcademy */,
			);
			sourceTree = "<group>";
		};
		836FAFA82C18909E00DF4360 /* Products */ = {
			isa = PBXGroup;
			children = (
				836FAFA72C18909E00DF4360 /* Socialcademy.app */,
			);
			name = Products;
			sourceTree = "<group>";
		};
		836FAFA92C18909E00DF4360 /* Socialcademy */ = {
			isa = PBXGroup;
			children = (
				836FAFAA2C18909E00DF4360 /* SocialcademyApp.swift */,
				836FAFF62C18975C00DF4360 /* Models */,
				833B6E7F2C19E58D0094DFC1 /* Repositories */,
				836FAFF52C18966F00DF4360 /* Resources */,
				83853B1D2C1B371C00024D6B /* Services */,
				833B6E822C1A061B0094DFC1 /* Utilities */,
				836FAFFF2C18B2CA00DF4360 /* ViewModels */,
				836FAFF42C18965100DF4360 /* Views */,
			);
			path = Socialcademy;
			sourceTree = "<group>";
		};
		836FAFB02C1890A000DF4360 /* Preview Content */ = {
			isa = PBXGroup;
			children = (
				836FAFB12C1890A000DF4360 /* Preview Assets.xcassets */,
			);
			path = "Preview Content";
			sourceTree = "<group>";
		};
		836FAFF42C18965100DF4360 /* Views */ = {
			isa = PBXGroup;
			children = (
				833B6E872C1A19B50094DFC1 /* Supporting Views */,
				836FAFF92C1897E600DF4360 /* PostsList.swift */,
				836FAFFB2C1899CA00DF4360 /* PostRow.swift */,
				836FAFFD2C18ACB700DF4360 /* NewPostForm.swift */,
				83853B192C1B2BDA00024D6B /* MainTabView.swift */,
				83853B202C1B385600024D6B /* AuthView.swift */,
				83853B222C1B388D00024D6B /* ProfileView.swift */,
			);
			path = Views;
			sourceTree = "<group>";
		};
		836FAFF52C18966F00DF4360 /* Resources */ = {
			isa = PBXGroup;
			children = (
				836FAFF12C18949600DF4360 /* GoogleService-Info.plist */,
				836FAFAE2C1890A000DF4360 /* Assets.xcassets */,
				836FAFB02C1890A000DF4360 /* Preview Content */,
			);
			path = Resources;
			sourceTree = "<group>";
		};
		836FAFF62C18975C00DF4360 /* Models */ = {
			isa = PBXGroup;
			children = (
				836FAFF72C18976C00DF4360 /* Post.swift */,
				83853B282C1B4CD300024D6B /* User.swift */,
			);
			path = Models;
			sourceTree = "<group>";
		};
		836FAFFF2C18B2CA00DF4360 /* ViewModels */ = {
			isa = PBXGroup;
			children = (
				836FB0002C18B2E200DF4360 /* PostsViewModel.swift */,
				833B6E8A2C1A1F530094DFC1 /* PostRowViewModel.swift */,
				83853B1E2C1B380300024D6B /* AuthViewModel.swift */,
				83853B242C1B38F600024D6B /* FormViewModel.swift */,
				83853B2A2C1B520400024D6B /* ViewModelFactory.swift */,
			);
			path = ViewModels;
			sourceTree = "<group>";
		};
		83853B1D2C1B371C00024D6B /* Services */ = {
			isa = PBXGroup;
			children = (
				83853B1B2C1B371700024D6B /* AuthService.swift */,
			);
			path = Services;
			sourceTree = "<group>";
		};
/* End PBXGroup section */

/* Begin PBXNativeTarget section */
		836FAFA62C18909E00DF4360 /* Socialcademy */ = {
			isa = PBXNativeTarget;
			buildConfigurationList = 836FAFB52C1890A000DF4360 /* Build configuration list for PBXNativeTarget "Socialcademy" */;
			buildPhases = (
				836FAFA32C18909E00DF4360 /* Sources */,
				836FAFA42C18909E00DF4360 /* Frameworks */,
				836FAFA52C18909E00DF4360 /* Resources */,
			);
			buildRules = (
			);
			dependencies = (
			);
			name = Socialcademy;
			packageProductDependencies = (
				836FAFB92C1892FE00DF4360 /* FirebaseAnalytics */,
				836FAFC52C1892FE00DF4360 /* FirebaseAuth */,
				836FAFD12C1892FE00DF4360 /* FirebaseFirestore */,
				836FAFD52C1892FE00DF4360 /* FirebaseFirestoreSwift */,
			);
			productName = Socialcademy;
			productReference = 836FAFA72C18909E00DF4360 /* Socialcademy.app */;
			productType = "com.apple.product-type.application";
		};
/* End PBXNativeTarget section */

/* Begin PBXProject section */
		836FAF9F2C18909E00DF4360 /* Project object */ = {
			isa = PBXProject;
			attributes = {
				BuildIndependentTargetsInParallel = 1;
				LastSwiftUpdateCheck = 1520;
				LastUpgradeCheck = 1520;
				TargetAttributes = {
					836FAFA62C18909E00DF4360 = {
						CreatedOnToolsVersion = 15.2;
					};
				};
			};
			buildConfigurationList = 836FAFA22C18909E00DF4360 /* Build configuration list for PBXProject "Socialcademy" */;
			compatibilityVersion = "Xcode 14.0";
			developmentRegion = en;
			hasScannedForEncodings = 0;
			knownRegions = (
				en,
				Base,
			);
			mainGroup = 836FAF9E2C18909E00DF4360;
			packageReferences = (
				836FAFB82C1892FD00DF4360 /* XCRemoteSwiftPackageReference "firebase-ios-sdk" */,
			);
			productRefGroup = 836FAFA82C18909E00DF4360 /* Products */;
			projectDirPath = "";
			projectRoot = "";
			targets = (
				836FAFA62C18909E00DF4360 /* Socialcademy */,
			);
		};
/* End PBXProject section */

/* Begin PBXResourcesBuildPhase section */
		836FAFA52C18909E00DF4360 /* Resources */ = {
			isa = PBXResourcesBuildPhase;
			buildActionMask = 2147483647;
			files = (
				836FAFB22C1890A000DF4360 /* Preview Assets.xcassets in Resources */,
				836FAFAF2C1890A000DF4360 /* Assets.xcassets in Resources */,
				836FAFF22C18949600DF4360 /* GoogleService-Info.plist in Resources */,
			);
			runOnlyForDeploymentPostprocessing = 0;
		};
/* End PBXResourcesBuildPhase section */

/* Begin PBXSourcesBuildPhase section */
		836FAFA32C18909E00DF4360 /* Sources */ = {
			isa = PBXSourcesBuildPhase;
			buildActionMask = 2147483647;
			files = (
				83853B272C1B3D0400024D6B /* PrimaryButtonStyle.swift in Sources */,
				833B6E8B2C1A1F530094DFC1 /* PostRowViewModel.swift in Sources */,
				836FAFF82C18976C00DF4360 /* Post.swift in Sources */,
				833B6E812C19E5A60094DFC1 /* PostsRepository.swift in Sources */,
				833B6E842C1A062C0094DFC1 /* Loadable.swift in Sources */,
				836FB0012C18B2E200DF4360 /* PostsViewModel.swift in Sources */,
				836FAFFC2C1899CA00DF4360 /* PostRow.swift in Sources */,
				83853B1C2C1B371700024D6B /* AuthService.swift in Sources */,
				836FAFAB2C18909E00DF4360 /* SocialcademyApp.swift in Sources */,
				83853B232C1B388D00024D6B /* ProfileView.swift in Sources */,
				836FAFFE2C18ACB700DF4360 /* NewPostForm.swift in Sources */,
				833B6E892C1A19CD0094DFC1 /* Alert+Error.swift in Sources */,
				83853B1F2C1B380300024D6B /* AuthViewModel.swift in Sources */,
				83853B2B2C1B520400024D6B /* ViewModelFactory.swift in Sources */,
				83853B212C1B385600024D6B /* AuthView.swift in Sources */,
				836FAFFA2C1897E600DF4360 /* PostsList.swift in Sources */,
				83853B252C1B38F600024D6B /* FormViewModel.swift in Sources */,
				833B6E862C1A08D40094DFC1 /* EmptyListView.swift in Sources */,
				83853B1A2C1B2BDA00024D6B /* MainTabView.swift in Sources */,
				83853B292C1B4CD300024D6B /* User.swift in Sources */,
			);
			runOnlyForDeploymentPostprocessing = 0;
		};
/* End PBXSourcesBuildPhase section */

/* Begin XCBuildConfiguration section */
		836FAFB32C1890A000DF4360 /* Debug */ = {
			isa = XCBuildConfiguration;
			buildSettings = {
				ALWAYS_SEARCH_USER_PATHS = NO;
				ASSETCATALOG_COMPILER_GENERATE_SWIFT_ASSET_SYMBOL_EXTENSIONS = YES;
				CLANG_ANALYZER_NONNULL = YES;
				CLANG_ANALYZER_NUMBER_OBJECT_CONVERSION = YES_AGGRESSIVE;
				CLANG_CXX_LANGUAGE_STANDARD = "gnu++20";
				CLANG_ENABLE_MODULES = YES;
				CLANG_ENABLE_OBJC_ARC = YES;
				CLANG_ENABLE_OBJC_WEAK = YES;
				CLANG_WARN_BLOCK_CAPTURE_AUTORELEASING = YES;
				CLANG_WARN_BOOL_CONVERSION = YES;
				CLANG_WARN_COMMA = YES;
				CLANG_WARN_CONSTANT_CONVERSION = YES;
				CLANG_WARN_DEPRECATED_OBJC_IMPLEMENTATIONS = YES;
				CLANG_WARN_DIRECT_OBJC_ISA_USAGE = YES_ERROR;
				CLANG_WARN_DOCUMENTATION_COMMENTS = YES;
				CLANG_WARN_EMPTY_BODY = YES;
				CLANG_WARN_ENUM_CONVERSION = YES;
				CLANG_WARN_INFINITE_RECURSION = YES;
				CLANG_WARN_INT_CONVERSION = YES;
				CLANG_WARN_NON_LITERAL_NULL_CONVERSION = YES;
				CLANG_WARN_OBJC_IMPLICIT_RETAIN_SELF = YES;
				CLANG_WARN_OBJC_LITERAL_CONVERSION = YES;
				CLANG_WARN_OBJC_ROOT_CLASS = YES_ERROR;
				CLANG_WARN_QUOTED_INCLUDE_IN_FRAMEWORK_HEADER = YES;
				CLANG_WARN_RANGE_LOOP_ANALYSIS = YES;
				CLANG_WARN_STRICT_PROTOTYPES = YES;
				CLANG_WARN_SUSPICIOUS_MOVE = YES;
				CLANG_WARN_UNGUARDED_AVAILABILITY = YES_AGGRESSIVE;
				CLANG_WARN_UNREACHABLE_CODE = YES;
				CLANG_WARN__DUPLICATE_METHOD_MATCH = YES;
				COPY_PHASE_STRIP = NO;
				DEBUG_INFORMATION_FORMAT = dwarf;
				ENABLE_STRICT_OBJC_MSGSEND = YES;
				ENABLE_TESTABILITY = YES;
				ENABLE_USER_SCRIPT_SANDBOXING = YES;
				GCC_C_LANGUAGE_STANDARD = gnu17;
				GCC_DYNAMIC_NO_PIC = NO;
				GCC_NO_COMMON_BLOCKS = YES;
				GCC_OPTIMIZATION_LEVEL = 0;
				GCC_PREPROCESSOR_DEFINITIONS = (
					"DEBUG=1",
					"$(inherited)",
				);
				GCC_WARN_64_TO_32_BIT_CONVERSION = YES;
				GCC_WARN_ABOUT_RETURN_TYPE = YES_ERROR;
				GCC_WARN_UNDECLARED_SELECTOR = YES;
				GCC_WARN_UNINITIALIZED_AUTOS = YES_AGGRESSIVE;
				GCC_WARN_UNUSED_FUNCTION = YES;
				GCC_WARN_UNUSED_VARIABLE = YES;
				IPHONEOS_DEPLOYMENT_TARGET = 17.2;
				LOCALIZATION_PREFERS_STRING_CATALOGS = YES;
				MTL_ENABLE_DEBUG_INFO = INCLUDE_SOURCE;
				MTL_FAST_MATH = YES;
				ONLY_ACTIVE_ARCH = YES;
				SDKROOT = iphoneos;
				SWIFT_ACTIVE_COMPILATION_CONDITIONS = "DEBUG $(inherited)";
				SWIFT_OPTIMIZATION_LEVEL = "-Onone";
			};
			name = Debug;
		};
		836FAFB42C1890A000DF4360 /* Release */ = {
			isa = XCBuildConfiguration;
			buildSettings = {
				ALWAYS_SEARCH_USER_PATHS = NO;
				ASSETCATALOG_COMPILER_GENERATE_SWIFT_ASSET_SYMBOL_EXTENSIONS = YES;
				CLANG_ANALYZER_NONNULL = YES;
				CLANG_ANALYZER_NUMBER_OBJECT_CONVERSION = YES_AGGRESSIVE;
				CLANG_CXX_LANGUAGE_STANDARD = "gnu++20";
				CLANG_ENABLE_MODULES = YES;
				CLANG_ENABLE_OBJC_ARC = YES;
				CLANG_ENABLE_OBJC_WEAK = YES;
				CLANG_WARN_BLOCK_CAPTURE_AUTORELEASING = YES;
				CLANG_WARN_BOOL_CONVERSION = YES;
				CLANG_WARN_COMMA = YES;
				CLANG_WARN_CONSTANT_CONVERSION = YES;
				CLANG_WARN_DEPRECATED_OBJC_IMPLEMENTATIONS = YES;
				CLANG_WARN_DIRECT_OBJC_ISA_USAGE = YES_ERROR;
				CLANG_WARN_DOCUMENTATION_COMMENTS = YES;
				CLANG_WARN_EMPTY_BODY = YES;
				CLANG_WARN_ENUM_CONVERSION = YES;
				CLANG_WARN_INFINITE_RECURSION = YES;
				CLANG_WARN_INT_CONVERSION = YES;
				CLANG_WARN_NON_LITERAL_NULL_CONVERSION = YES;
				CLANG_WARN_OBJC_IMPLICIT_RETAIN_SELF = YES;
				CLANG_WARN_OBJC_LITERAL_CONVERSION = YES;
				CLANG_WARN_OBJC_ROOT_CLASS = YES_ERROR;
				CLANG_WARN_QUOTED_INCLUDE_IN_FRAMEWORK_HEADER = YES;
				CLANG_WARN_RANGE_LOOP_ANALYSIS = YES;
				CLANG_WARN_STRICT_PROTOTYPES = YES;
				CLANG_WARN_SUSPICIOUS_MOVE = YES;
				CLANG_WARN_UNGUARDED_AVAILABILITY = YES_AGGRESSIVE;
				CLANG_WARN_UNREACHABLE_CODE = YES;
				CLANG_WARN__DUPLICATE_METHOD_MATCH = YES;
				COPY_PHASE_STRIP = NO;
				DEBUG_INFORMATION_FORMAT = "dwarf-with-dsym";
				ENABLE_NS_ASSERTIONS = NO;
				ENABLE_STRICT_OBJC_MSGSEND = YES;
				ENABLE_USER_SCRIPT_SANDBOXING = YES;
				GCC_C_LANGUAGE_STANDARD = gnu17;
				GCC_NO_COMMON_BLOCKS = YES;
				GCC_WARN_64_TO_32_BIT_CONVERSION = YES;
				GCC_WARN_ABOUT_RETURN_TYPE = YES_ERROR;
				GCC_WARN_UNDECLARED_SELECTOR = YES;
				GCC_WARN_UNINITIALIZED_AUTOS = YES_AGGRESSIVE;
				GCC_WARN_UNUSED_FUNCTION = YES;
				GCC_WARN_UNUSED_VARIABLE = YES;
				IPHONEOS_DEPLOYMENT_TARGET = 17.2;
				LOCALIZATION_PREFERS_STRING_CATALOGS = YES;
				MTL_ENABLE_DEBUG_INFO = NO;
				MTL_FAST_MATH = YES;
				SDKROOT = iphoneos;
				SWIFT_COMPILATION_MODE = wholemodule;
				VALIDATE_PRODUCT = YES;
			};
			name = Release;
		};
		836FAFB62C1890A000DF4360 /* Debug */ = {
			isa = XCBuildConfiguration;
			buildSettings = {
				ASSETCATALOG_COMPILER_APPICON_NAME = AppIcon;
				ASSETCATALOG_COMPILER_GLOBAL_ACCENT_COLOR_NAME = AccentColor;
				CODE_SIGN_STYLE = Automatic;
				CURRENT_PROJECT_VERSION = 1;
				DEVELOPMENT_ASSET_PATHS = "\"Socialcademy/Resources/Preview Content\"";
				DEVELOPMENT_TEAM = 56Q8G42J48;
				ENABLE_PREVIEWS = YES;
				GENERATE_INFOPLIST_FILE = YES;
				INFOPLIST_KEY_UIApplicationSceneManifest_Generation = YES;
				INFOPLIST_KEY_UIApplicationSupportsIndirectInputEvents = YES;
				INFOPLIST_KEY_UILaunchScreen_Generation = YES;
				INFOPLIST_KEY_UISupportedInterfaceOrientations_iPad = "UIInterfaceOrientationPortrait UIInterfaceOrientationPortraitUpsideDown UIInterfaceOrientationLandscapeLeft UIInterfaceOrientationLandscapeRight";
				INFOPLIST_KEY_UISupportedInterfaceOrientations_iPhone = "UIInterfaceOrientationPortrait UIInterfaceOrientationLandscapeLeft UIInterfaceOrientationLandscapeRight";
				IPHONEOS_DEPLOYMENT_TARGET = 15.0;
				LD_RUNPATH_SEARCH_PATHS = (
					"$(inherited)",
					"@executable_path/Frameworks",
				);
				MARKETING_VERSION = 1.0;
				PRODUCT_BUNDLE_IDENTIFIER = com.schork.Socialcademy;
				PRODUCT_NAME = "$(TARGET_NAME)";
				SWIFT_EMIT_LOC_STRINGS = YES;
				SWIFT_VERSION = 5.0;
				TARGETED_DEVICE_FAMILY = "1,2";
			};
			name = Debug;
		};
		836FAFB72C1890A000DF4360 /* Release */ = {
			isa = XCBuildConfiguration;
			buildSettings = {
				ASSETCATALOG_COMPILER_APPICON_NAME = AppIcon;
				ASSETCATALOG_COMPILER_GLOBAL_ACCENT_COLOR_NAME = AccentColor;
				CODE_SIGN_STYLE = Automatic;
				CURRENT_PROJECT_VERSION = 1;
				DEVELOPMENT_ASSET_PATHS = "\"Socialcademy/Resources/Preview Content\"";
				DEVELOPMENT_TEAM = 56Q8G42J48;
				ENABLE_PREVIEWS = YES;
				GENERATE_INFOPLIST_FILE = YES;
				INFOPLIST_KEY_UIApplicationSceneManifest_Generation = YES;
				INFOPLIST_KEY_UIApplicationSupportsIndirectInputEvents = YES;
				INFOPLIST_KEY_UILaunchScreen_Generation = YES;
				INFOPLIST_KEY_UISupportedInterfaceOrientations_iPad = "UIInterfaceOrientationPortrait UIInterfaceOrientationPortraitUpsideDown UIInterfaceOrientationLandscapeLeft UIInterfaceOrientationLandscapeRight";
				INFOPLIST_KEY_UISupportedInterfaceOrientations_iPhone = "UIInterfaceOrientationPortrait UIInterfaceOrientationLandscapeLeft UIInterfaceOrientationLandscapeRight";
				IPHONEOS_DEPLOYMENT_TARGET = 15.0;
				LD_RUNPATH_SEARCH_PATHS = (
					"$(inherited)",
					"@executable_path/Frameworks",
				);
				MARKETING_VERSION = 1.0;
				PRODUCT_BUNDLE_IDENTIFIER = com.schork.Socialcademy;
				PRODUCT_NAME = "$(TARGET_NAME)";
				SWIFT_EMIT_LOC_STRINGS = YES;
				SWIFT_VERSION = 5.0;
				TARGETED_DEVICE_FAMILY = "1,2";
			};
			name = Release;
		};
/* End XCBuildConfiguration section */

/* Begin XCConfigurationList section */
		836FAFA22C18909E00DF4360 /* Build configuration list for PBXProject "Socialcademy" */ = {
			isa = XCConfigurationList;
			buildConfigurations = (
				836FAFB32C1890A000DF4360 /* Debug */,
				836FAFB42C1890A000DF4360 /* Release */,
			);
			defaultConfigurationIsVisible = 0;
			defaultConfigurationName = Release;
		};
		836FAFB52C1890A000DF4360 /* Build configuration list for PBXNativeTarget "Socialcademy" */ = {
			isa = XCConfigurationList;
			buildConfigurations = (
				836FAFB62C1890A000DF4360 /* Debug */,
				836FAFB72C1890A000DF4360 /* Release */,
			);
			defaultConfigurationIsVisible = 0;
			defaultConfigurationName = Release;
		};
/* End XCConfigurationList section */

/* Begin XCRemoteSwiftPackageReference section */
		836FAFB82C1892FD00DF4360 /* XCRemoteSwiftPackageReference "firebase-ios-sdk" */ = {
			isa = XCRemoteSwiftPackageReference;
			repositoryURL = "https://github.com/firebase/firebase-ios-sdk.git";
			requirement = {
				kind = upToNextMajorVersion;
				minimumVersion = 10.27.0;
			};
		};
/* End XCRemoteSwiftPackageReference section */

/* Begin XCSwiftPackageProductDependency section */
		836FAFB92C1892FE00DF4360 /* FirebaseAnalytics */ = {
			isa = XCSwiftPackageProductDependency;
			package = 836FAFB82C1892FD00DF4360 /* XCRemoteSwiftPackageReference "firebase-ios-sdk" */;
			productName = FirebaseAnalytics;
		};
		836FAFC52C1892FE00DF4360 /* FirebaseAuth */ = {
			isa = XCSwiftPackageProductDependency;
			package = 836FAFB82C1892FD00DF4360 /* XCRemoteSwiftPackageReference "firebase-ios-sdk" */;
			productName = FirebaseAuth;
		};
		836FAFD12C1892FE00DF4360 /* FirebaseFirestore */ = {
			isa = XCSwiftPackageProductDependency;
			package = 836FAFB82C1892FD00DF4360 /* XCRemoteSwiftPackageReference "firebase-ios-sdk" */;
			productName = FirebaseFirestore;
		};
		836FAFD52C1892FE00DF4360 /* FirebaseFirestoreSwift */ = {
			isa = XCSwiftPackageProductDependency;
			package = 836FAFB82C1892FD00DF4360 /* XCRemoteSwiftPackageReference "firebase-ios-sdk" */;
			productName = FirebaseFirestoreSwift;
		};
/* End XCSwiftPackageProductDependency section */
	};
	rootObject = 836FAF9F2C18909E00DF4360 /* Project object */;
}
